
Microsoft Visual Studio Solution File, Format Version 12.00
# Visual Studio Version 17
VisualStudioVersion = 17.11.35312.102
MinimumVisualStudioVersion = 10.0.40219.1
Project("{FAE04EC0-301F-11D3-BF4B-00C04F79EFBC}") = "Task_Management_System", "Task_Management_System.csproj", "{D372FDB3-F916-4C4C-B2A7-DD8AAE9C05BA}"
EndProject
Global
	GlobalSection(SolutionConfigurationPlatforms) = preSolution
		Debug|Any CPU = Debug|Any CPU
		Release|Any CPU = Release|Any CPU
	EndGlobalSection
	GlobalSection(ProjectConfigurationPlatforms) = postSolution
		{D372FDB3-F916-4C4C-B2A7-DD8AAE9C05BA}.Debug|Any CPU.ActiveCfg = Debug|Any CPU
		{D372FDB3-F916-4C4C-B2A7-DD8AAE9C05BA}.Debug|Any CPU.Build.0 = Debug|Any CPU
		{D372FDB3-F916-4C4C-B2A7-DD8AAE9C05BA}.Release|Any CPU.ActiveCfg = Release|Any CPU
		{D372FDB3-F916-4C4C-B2A7-DD8AAE9C05BA}.Release|Any CPU.Build.0 = Release|Any CPU
	EndGlobalSection
	GlobalSection(SolutionProperties) = preSolution
		HideSolutionNode = FALSE
	EndGlobalSection
	GlobalSection(ExtensibilityGlobals) = postSolution
		SolutionGuid = {22D6423F-8648-4CD3-952A-C6A38E42074A}
	EndGlobalSection
EndGlobal
